// !$*UTF8*$!
{
	archiveVersion = 1;
	classes = {
	};
	objectVersion = 50;
	objects = {

/* Begin PBXBuildFile section */
		212D43CAEB44A2BE70501F11 /* Pods_AWS_Cognito_SampleTests.framework in Frameworks */ = {isa = PBXBuildFile; fileRef = 2A884F3743D2611F418B7BCE /* Pods_AWS_Cognito_SampleTests.framework */; };
		489B870A209C3E600055E0DC /* AppDelegate.swift in Sources */ = {isa = PBXBuildFile; fileRef = 489B8709209C3E600055E0DC /* AppDelegate.swift */; };
		489B870C209C3E600055E0DC /* SignInViewController.swift in Sources */ = {isa = PBXBuildFile; fileRef = 489B870B209C3E600055E0DC /* SignInViewController.swift */; };
		489B870F209C3E600055E0DC /* Main.storyboard in Resources */ = {isa = PBXBuildFile; fileRef = 489B870D209C3E600055E0DC /* Main.storyboard */; };
		489B8711209C3E620055E0DC /* Assets.xcassets in Resources */ = {isa = PBXBuildFile; fileRef = 489B8710209C3E620055E0DC /* Assets.xcassets */; };
		489B8714209C3E620055E0DC /* LaunchScreen.storyboard in Resources */ = {isa = PBXBuildFile; fileRef = 489B8712209C3E620055E0DC /* LaunchScreen.storyboard */; };
		489B871F209C3E620055E0DC /* AWS_Cognito_SampleTests.swift in Sources */ = {isa = PBXBuildFile; fileRef = 489B871E209C3E620055E0DC /* AWS_Cognito_SampleTests.swift */; };
		489B872A209C3E620055E0DC /* AWS_Cognito_SampleUITests.swift in Sources */ = {isa = PBXBuildFile; fileRef = 489B8729209C3E620055E0DC /* AWS_Cognito_SampleUITests.swift */; };
		489B8738209C489B0055E0DC /* Constants.swift in Sources */ = {isa = PBXBuildFile; fileRef = 489B8737209C489B0055E0DC /* Constants.swift */; };
		489B873A209C5D430055E0DC /* FirstViewController.swift in Sources */ = {isa = PBXBuildFile; fileRef = 489B8739209C5D430055E0DC /* FirstViewController.swift */; };
		489B873C209C640B0055E0DC /* SessionManager.swift in Sources */ = {isa = PBXBuildFile; fileRef = 489B873B209C640B0055E0DC /* SessionManager.swift */; };
		489B873E209C67410055E0DC /* AppContext.swift in Sources */ = {isa = PBXBuildFile; fileRef = 489B873D209C67410055E0DC /* AppContext.swift */; };
		48D3D3BD20A054880015565B /* SignUpViewController.swift in Sources */ = {isa = PBXBuildFile; fileRef = 48D3D3BC20A054880015565B /* SignUpViewController.swift */; };
		48D3D3BF20A05BCB0015565B /* ConfirmSignUpViewController.swift in Sources */ = {isa = PBXBuildFile; fileRef = 48D3D3BE20A05BCB0015565B /* ConfirmSignUpViewController.swift */; };
		D1F5C507934E6BADE93E0124 /* Pods_AWS_Cognito_Sample.framework in Frameworks */ = {isa = PBXBuildFile; fileRef = 531DACA4466C99BA41E5EC65 /* Pods_AWS_Cognito_Sample.framework */; };
		EF453218D1C05C8EC317E04E /* Pods_AWS_Cognito_SampleUITests.framework in Frameworks */ = {isa = PBXBuildFile; fileRef = 373DE03B90E65891BC18D156 /* Pods_AWS_Cognito_SampleUITests.framework */; };
/* End PBXBuildFile section */

/* Begin PBXContainerItemProxy section */
		489B871B209C3E620055E0DC /* PBXContainerItemProxy */ = {
			isa = PBXContainerItemProxy;
			containerPortal = 489B86FE209C3E600055E0DC /* Project object */;
			proxyType = 1;
			remoteGlobalIDString = 489B8705209C3E600055E0DC;
			remoteInfo = AWS_Cognito_Sample;
		};
		489B8726209C3E620055E0DC /* PBXContainerItemProxy */ = {
			isa = PBXContainerItemProxy;
			containerPortal = 489B86FE209C3E600055E0DC /* Project object */;
			proxyType = 1;
			remoteGlobalIDString = 489B8705209C3E600055E0DC;
			remoteInfo = AWS_Cognito_Sample;
		};
/* End PBXContainerItemProxy section */

/* Begin PBXFileReference section */
		08633A3D21842094545446B2 /* Pods-AWS_Cognito_SampleUITests.debug.xcconfig */ = {isa = PBXFileReference; includeInIndex = 1; lastKnownFileType = text.xcconfig; name = "Pods-AWS_Cognito_SampleUITests.debug.xcconfig"; path = "Pods/Target Support Files/Pods-AWS_Cognito_SampleUITests/Pods-AWS_Cognito_SampleUITests.debug.xcconfig"; sourceTree = "<group>"; };
		1F2C4CD777152D986D59E80E /* Pods-AWS_Cognito_Sample.release.xcconfig */ = {isa = PBXFileReference; includeInIndex = 1; lastKnownFileType = text.xcconfig; name = "Pods-AWS_Cognito_Sample.release.xcconfig"; path = "Pods/Target Support Files/Pods-AWS_Cognito_Sample/Pods-AWS_Cognito_Sample.release.xcconfig"; sourceTree = "<group>"; };
		2A884F3743D2611F418B7BCE /* Pods_AWS_Cognito_SampleTests.framework */ = {isa = PBXFileReference; explicitFileType = wrapper.framework; includeInIndex = 0; path = Pods_AWS_Cognito_SampleTests.framework; sourceTree = BUILT_PRODUCTS_DIR; };
		373DE03B90E65891BC18D156 /* Pods_AWS_Cognito_SampleUITests.framework */ = {isa = PBXFileReference; explicitFileType = wrapper.framework; includeInIndex = 0; path = Pods_AWS_Cognito_SampleUITests.framework; sourceTree = BUILT_PRODUCTS_DIR; };
		481C748B3B40B0B5F98A5B0C /* Pods-AWS_Cognito_Sample.debug.xcconfig */ = {isa = PBXFileReference; includeInIndex = 1; lastKnownFileType = text.xcconfig; name = "Pods-AWS_Cognito_Sample.debug.xcconfig"; path = "Pods/Target Support Files/Pods-AWS_Cognito_Sample/Pods-AWS_Cognito_Sample.debug.xcconfig"; sourceTree = "<group>"; };
		489B8706209C3E600055E0DC /* AWS_Cognito_Sample.app */ = {isa = PBXFileReference; explicitFileType = wrapper.application; includeInIndex = 0; path = AWS_Cognito_Sample.app; sourceTree = BUILT_PRODUCTS_DIR; };
		489B8709209C3E600055E0DC /* AppDelegate.swift */ = {isa = PBXFileReference; lastKnownFileType = sourcecode.swift; path = AppDelegate.swift; sourceTree = "<group>"; };
		489B870B209C3E600055E0DC /* SignInViewController.swift */ = {isa = PBXFileReference; lastKnownFileType = sourcecode.swift; path = SignInViewController.swift; sourceTree = "<group>"; };
		489B870E209C3E600055E0DC /* Base */ = {isa = PBXFileReference; lastKnownFileType = file.storyboard; name = Base; path = Base.lproj/Main.storyboard; sourceTree = "<group>"; };
		489B8710209C3E620055E0DC /* Assets.xcassets */ = {isa = PBXFileReference; lastKnownFileType = folder.assetcatalog; path = Assets.xcassets; sourceTree = "<group>"; };
		489B8713209C3E620055E0DC /* Base */ = {isa = PBXFileReference; lastKnownFileType = file.storyboard; name = Base; path = Base.lproj/LaunchScreen.storyboard; sourceTree = "<group>"; };
		489B8715209C3E620055E0DC /* Info.plist */ = {isa = PBXFileReference; lastKnownFileType = text.plist.xml; path = Info.plist; sourceTree = "<group>"; };
		489B871A209C3E620055E0DC /* AWS_Cognito_SampleTests.xctest */ = {isa = PBXFileReference; explicitFileType = wrapper.cfbundle; includeInIndex = 0; path = AWS_Cognito_SampleTests.xctest; sourceTree = BUILT_PRODUCTS_DIR; };
		489B871E209C3E620055E0DC /* AWS_Cognito_SampleTests.swift */ = {isa = PBXFileReference; lastKnownFileType = sourcecode.swift; path = AWS_Cognito_SampleTests.swift; sourceTree = "<group>"; };
		489B8720209C3E620055E0DC /* Info.plist */ = {isa = PBXFileReference; lastKnownFileType = text.plist.xml; path = Info.plist; sourceTree = "<group>"; };
		489B8725209C3E620055E0DC /* AWS_Cognito_SampleUITests.xctest */ = {isa = PBXFileReference; explicitFileType = wrapper.cfbundle; includeInIndex = 0; path = AWS_Cognito_SampleUITests.xctest; sourceTree = BUILT_PRODUCTS_DIR; };
		489B8729209C3E620055E0DC /* AWS_Cognito_SampleUITests.swift */ = {isa = PBXFileReference; lastKnownFileType = sourcecode.swift; path = AWS_Cognito_SampleUITests.swift; sourceTree = "<group>"; };
		489B872B209C3E620055E0DC /* Info.plist */ = {isa = PBXFileReference; lastKnownFileType = text.plist.xml; path = Info.plist; sourceTree = "<group>"; };
		489B8737209C489B0055E0DC /* Constants.swift */ = {isa = PBXFileReference; lastKnownFileType = sourcecode.swift; path = Constants.swift; sourceTree = "<group>"; };
		489B8739209C5D430055E0DC /* FirstViewController.swift */ = {isa = PBXFileReference; lastKnownFileType = sourcecode.swift; path = FirstViewController.swift; sourceTree = "<group>"; };
		489B873B209C640B0055E0DC /* SessionManager.swift */ = {isa = PBXFileReference; lastKnownFileType = sourcecode.swift; path = SessionManager.swift; sourceTree = "<group>"; };
		489B873D209C67410055E0DC /* AppContext.swift */ = {isa = PBXFileReference; lastKnownFileType = sourcecode.swift; path = AppContext.swift; sourceTree = "<group>"; };
		48D3D3BC20A054880015565B /* SignUpViewController.swift */ = {isa = PBXFileReference; lastKnownFileType = sourcecode.swift; path = SignUpViewController.swift; sourceTree = "<group>"; };
		48D3D3BE20A05BCB0015565B /* ConfirmSignUpViewController.swift */ = {isa = PBXFileReference; lastKnownFileType = sourcecode.swift; path = ConfirmSignUpViewController.swift; sourceTree = "<group>"; };
		531DACA4466C99BA41E5EC65 /* Pods_AWS_Cognito_Sample.framework */ = {isa = PBXFileReference; explicitFileType = wrapper.framework; includeInIndex = 0; path = Pods_AWS_Cognito_Sample.framework; sourceTree = BUILT_PRODUCTS_DIR; };
		B080EFBC45E6B27FBB355C23 /* Pods-AWS_Cognito_SampleTests.release.xcconfig */ = {isa = PBXFileReference; includeInIndex = 1; lastKnownFileType = text.xcconfig; name = "Pods-AWS_Cognito_SampleTests.release.xcconfig"; path = "Pods/Target Support Files/Pods-AWS_Cognito_SampleTests/Pods-AWS_Cognito_SampleTests.release.xcconfig"; sourceTree = "<group>"; };
		E3993D7B639FB08860FD5207 /* Pods-AWS_Cognito_SampleUITests.release.xcconfig */ = {isa = PBXFileReference; includeInIndex = 1; lastKnownFileType = text.xcconfig; name = "Pods-AWS_Cognito_SampleUITests.release.xcconfig"; path = "Pods/Target Support Files/Pods-AWS_Cognito_SampleUITests/Pods-AWS_Cognito_SampleUITests.release.xcconfig"; sourceTree = "<group>"; };
		F2FCAD9C328B597C26E12FD3 /* Pods-AWS_Cognito_SampleTests.debug.xcconfig */ = {isa = PBXFileReference; includeInIndex = 1; lastKnownFileType = text.xcconfig; name = "Pods-AWS_Cognito_SampleTests.debug.xcconfig"; path = "Pods/Target Support Files/Pods-AWS_Cognito_SampleTests/Pods-AWS_Cognito_SampleTests.debug.xcconfig"; sourceTree = "<group>"; };
/* End PBXFileReference section */

/* Begin PBXFrameworksBuildPhase section */
		489B8703209C3E600055E0DC /* Frameworks */ = {
			isa = PBXFrameworksBuildPhase;
			buildActionMask = 2147483647;
			files = (
				D1F5C507934E6BADE93E0124 /* Pods_AWS_Cognito_Sample.framework in Frameworks */,
			);
			runOnlyForDeploymentPostprocessing = 0;
		};
		489B8717209C3E620055E0DC /* Frameworks */ = {
			isa = PBXFrameworksBuildPhase;
			buildActionMask = 2147483647;
			files = (
				212D43CAEB44A2BE70501F11 /* Pods_AWS_Cognito_SampleTests.framework in Frameworks */,
			);
			runOnlyForDeploymentPostprocessing = 0;
		};
		489B8722209C3E620055E0DC /* Frameworks */ = {
			isa = PBXFrameworksBuildPhase;
			buildActionMask = 2147483647;
			files = (
				EF453218D1C05C8EC317E04E /* Pods_AWS_Cognito_SampleUITests.framework in Frameworks */,
			);
			runOnlyForDeploymentPostprocessing = 0;
		};
/* End PBXFrameworksBuildPhase section */

/* Begin PBXGroup section */
		489B86FD209C3E600055E0DC = {
			isa = PBXGroup;
			children = (
				489B8708209C3E600055E0DC /* AWS_Cognito_Sample */,
				489B871D209C3E620055E0DC /* AWS_Cognito_SampleTests */,
				489B8728209C3E620055E0DC /* AWS_Cognito_SampleUITests */,
				489B8707209C3E600055E0DC /* Products */,
				6D3C5727769D5F4A8C15B9E2 /* Pods */,
				D1E120D9CF247A21E41E74AF /* Frameworks */,
			);
			sourceTree = "<group>";
		};
		489B8707209C3E600055E0DC /* Products */ = {
			isa = PBXGroup;
			children = (
				489B8706209C3E600055E0DC /* AWS_Cognito_Sample.app */,
				489B871A209C3E620055E0DC /* AWS_Cognito_SampleTests.xctest */,
				489B8725209C3E620055E0DC /* AWS_Cognito_SampleUITests.xctest */,
			);
			name = Products;
			sourceTree = "<group>";
		};
		489B8708209C3E600055E0DC /* AWS_Cognito_Sample */ = {
			isa = PBXGroup;
			children = (
				48D3D3B920A054100015565B /* Controllers */,
				48D3D3BA20A0541B0015565B /* Views */,
				48D3D3B720A053DB0015565B /* Managers */,
				48D3D3B820A053EE0015565B /* SupportingFiles */,
				48D3D3BB20A054390015565B /* Utilities */,
			);
			path = AWS_Cognito_Sample;
			sourceTree = "<group>";
		};
		489B871D209C3E620055E0DC /* AWS_Cognito_SampleTests */ = {
			isa = PBXGroup;
			children = (
				489B871E209C3E620055E0DC /* AWS_Cognito_SampleTests.swift */,
				489B8720209C3E620055E0DC /* Info.plist */,
			);
			path = AWS_Cognito_SampleTests;
			sourceTree = "<group>";
		};
		489B8728209C3E620055E0DC /* AWS_Cognito_SampleUITests */ = {
			isa = PBXGroup;
			children = (
				489B8729209C3E620055E0DC /* AWS_Cognito_SampleUITests.swift */,
				489B872B209C3E620055E0DC /* Info.plist */,
			);
			path = AWS_Cognito_SampleUITests;
			sourceTree = "<group>";
		};
		48D3D3B720A053DB0015565B /* Managers */ = {
			isa = PBXGroup;
			children = (
				489B873B209C640B0055E0DC /* SessionManager.swift */,
			);
			path = Managers;
			sourceTree = "<group>";
		};
		48D3D3B820A053EE0015565B /* SupportingFiles */ = {
			isa = PBXGroup;
			children = (
				489B8709209C3E600055E0DC /* AppDelegate.swift */,
				489B8710209C3E620055E0DC /* Assets.xcassets */,
				489B8715209C3E620055E0DC /* Info.plist */,
			);
			path = SupportingFiles;
			sourceTree = "<group>";
		};
		48D3D3B920A054100015565B /* Controllers */ = {
			isa = PBXGroup;
			children = (
				489B8739209C5D430055E0DC /* FirstViewController.swift */,
				489B870B209C3E600055E0DC /* SignInViewController.swift */,
				48D3D3BC20A054880015565B /* SignUpViewController.swift */,
				48D3D3BE20A05BCB0015565B /* ConfirmSignUpViewController.swift */,
			);
			path = Controllers;
			sourceTree = "<group>";
		};
		48D3D3BA20A0541B0015565B /* Views */ = {
			isa = PBXGroup;
			children = (
				489B870D209C3E600055E0DC /* Main.storyboard */,
				489B8712209C3E620055E0DC /* LaunchScreen.storyboard */,
			);
			path = Views;
			sourceTree = "<group>";
		};
		48D3D3BB20A054390015565B /* Utilities */ = {
			isa = PBXGroup;
			children = (
				489B873D209C67410055E0DC /* AppContext.swift */,
				489B8737209C489B0055E0DC /* Constants.swift */,
			);
			path = Utilities;
			sourceTree = "<group>";
		};
		6D3C5727769D5F4A8C15B9E2 /* Pods */ = {
			isa = PBXGroup;
			children = (
				481C748B3B40B0B5F98A5B0C /* Pods-AWS_Cognito_Sample.debug.xcconfig */,
				1F2C4CD777152D986D59E80E /* Pods-AWS_Cognito_Sample.release.xcconfig */,
				F2FCAD9C328B597C26E12FD3 /* Pods-AWS_Cognito_SampleTests.debug.xcconfig */,
				B080EFBC45E6B27FBB355C23 /* Pods-AWS_Cognito_SampleTests.release.xcconfig */,
				08633A3D21842094545446B2 /* Pods-AWS_Cognito_SampleUITests.debug.xcconfig */,
				E3993D7B639FB08860FD5207 /* Pods-AWS_Cognito_SampleUITests.release.xcconfig */,
			);
			name = Pods;
			sourceTree = "<group>";
		};
		D1E120D9CF247A21E41E74AF /* Frameworks */ = {
			isa = PBXGroup;
			children = (
				531DACA4466C99BA41E5EC65 /* Pods_AWS_Cognito_Sample.framework */,
				2A884F3743D2611F418B7BCE /* Pods_AWS_Cognito_SampleTests.framework */,
				373DE03B90E65891BC18D156 /* Pods_AWS_Cognito_SampleUITests.framework */,
			);
			name = Frameworks;
			sourceTree = "<group>";
		};
/* End PBXGroup section */

/* Begin PBXNativeTarget section */
		489B8705209C3E600055E0DC /* AWS_Cognito_Sample */ = {
			isa = PBXNativeTarget;
			buildConfigurationList = 489B872E209C3E620055E0DC /* Build configuration list for PBXNativeTarget "AWS_Cognito_Sample" */;
			buildPhases = (
				09E2FBA66B74C6A88426783E /* [CP] Check Pods Manifest.lock */,
				489B8702209C3E600055E0DC /* Sources */,
				489B8703209C3E600055E0DC /* Frameworks */,
				489B8704209C3E600055E0DC /* Resources */,
				56C0B35A21CB5DDADD07C397 /* [CP] Embed Pods Frameworks */,
			);
			buildRules = (
			);
			dependencies = (
			);
			name = AWS_Cognito_Sample;
			productName = AWS_Cognito_Sample;
			productReference = 489B8706209C3E600055E0DC /* AWS_Cognito_Sample.app */;
			productType = "com.apple.product-type.application";
		};
		489B8719209C3E620055E0DC /* AWS_Cognito_SampleTests */ = {
			isa = PBXNativeTarget;
			buildConfigurationList = 489B8731209C3E620055E0DC /* Build configuration list for PBXNativeTarget "AWS_Cognito_SampleTests" */;
			buildPhases = (
				47B3F55DBD4421A8181E328E /* [CP] Check Pods Manifest.lock */,
				489B8716209C3E620055E0DC /* Sources */,
				489B8717209C3E620055E0DC /* Frameworks */,
				489B8718209C3E620055E0DC /* Resources */,
			);
			buildRules = (
			);
			dependencies = (
				489B871C209C3E620055E0DC /* PBXTargetDependency */,
			);
			name = AWS_Cognito_SampleTests;
			productName = AWS_Cognito_SampleTests;
			productReference = 489B871A209C3E620055E0DC /* AWS_Cognito_SampleTests.xctest */;
			productType = "com.apple.product-type.bundle.unit-test";
		};
		489B8724209C3E620055E0DC /* AWS_Cognito_SampleUITests */ = {
			isa = PBXNativeTarget;
			buildConfigurationList = 489B8734209C3E620055E0DC /* Build configuration list for PBXNativeTarget "AWS_Cognito_SampleUITests" */;
			buildPhases = (
				9F1CB6EEC6A09CF661AB8A44 /* [CP] Check Pods Manifest.lock */,
				489B8721209C3E620055E0DC /* Sources */,
				489B8722209C3E620055E0DC /* Frameworks */,
				489B8723209C3E620055E0DC /* Resources */,
			);
			buildRules = (
			);
			dependencies = (
				489B8727209C3E620055E0DC /* PBXTargetDependency */,
			);
			name = AWS_Cognito_SampleUITests;
			productName = AWS_Cognito_SampleUITests;
			productReference = 489B8725209C3E620055E0DC /* AWS_Cognito_SampleUITests.xctest */;
			productType = "com.apple.product-type.bundle.ui-testing";
		};
/* End PBXNativeTarget section */

/* Begin PBXProject section */
		489B86FE209C3E600055E0DC /* Project object */ = {
			isa = PBXProject;
			attributes = {
				LastSwiftUpdateCheck = 0930;
				LastUpgradeCheck = 0930;
				ORGANIZATIONNAME = Deloitte;
				TargetAttributes = {
					489B8705209C3E600055E0DC = {
						CreatedOnToolsVersion = 9.3;
					};
					489B8719209C3E620055E0DC = {
						CreatedOnToolsVersion = 9.3;
						TestTargetID = 489B8705209C3E600055E0DC;
					};
					489B8724209C3E620055E0DC = {
						CreatedOnToolsVersion = 9.3;
						TestTargetID = 489B8705209C3E600055E0DC;
					};
				};
			};
			buildConfigurationList = 489B8701209C3E600055E0DC /* Build configuration list for PBXProject "AWS_Cognito_Sample" */;
			compatibilityVersion = "Xcode 9.3";
			developmentRegion = en;
			hasScannedForEncodings = 0;
			knownRegions = (
				en,
				Base,
			);
			mainGroup = 489B86FD209C3E600055E0DC;
			productRefGroup = 489B8707209C3E600055E0DC /* Products */;
			projectDirPath = "";
			projectRoot = "";
			targets = (
				489B8705209C3E600055E0DC /* AWS_Cognito_Sample */,
				489B8719209C3E620055E0DC /* AWS_Cognito_SampleTests */,
				489B8724209C3E620055E0DC /* AWS_Cognito_SampleUITests */,
			);
		};
/* End PBXProject section */

/* Begin PBXResourcesBuildPhase section */
		489B8704209C3E600055E0DC /* Resources */ = {
			isa = PBXResourcesBuildPhase;
			buildActionMask = 2147483647;
			files = (
				489B8714209C3E620055E0DC /* LaunchScreen.storyboard in Resources */,
				489B8711209C3E620055E0DC /* Assets.xcassets in Resources */,
				489B870F209C3E600055E0DC /* Main.storyboard in Resources */,
			);
			runOnlyForDeploymentPostprocessing = 0;
		};
		489B8718209C3E620055E0DC /* Resources */ = {
			isa = PBXResourcesBuildPhase;
			buildActionMask = 2147483647;
			files = (
			);
			runOnlyForDeploymentPostprocessing = 0;
		};
		489B8723209C3E620055E0DC /* Resources */ = {
			isa = PBXResourcesBuildPhase;
			buildActionMask = 2147483647;
			files = (
			);
			runOnlyForDeploymentPostprocessing = 0;
		};
/* End PBXResourcesBuildPhase section */

/* Begin PBXShellScriptBuildPhase section */
		09E2FBA66B74C6A88426783E /* [CP] Check Pods Manifest.lock */ = {
			isa = PBXShellScriptBuildPhase;
			buildActionMask = 2147483647;
			files = (
			);
			inputPaths = (
				"${PODS_PODFILE_DIR_PATH}/Podfile.lock",
				"${PODS_ROOT}/Manifest.lock",
			);
			name = "[CP] Check Pods Manifest.lock";
			outputPaths = (
				"$(DERIVED_FILE_DIR)/Pods-AWS_Cognito_Sample-checkManifestLockResult.txt",
			);
			runOnlyForDeploymentPostprocessing = 0;
			shellPath = /bin/sh;
			shellScript = "diff \"${PODS_PODFILE_DIR_PATH}/Podfile.lock\" \"${PODS_ROOT}/Manifest.lock\" > /dev/null\nif [ $? != 0 ] ; then\n    # print error to STDERR\n    echo \"error: The sandbox is not in sync with the Podfile.lock. Run 'pod install' or update your CocoaPods installation.\" >&2\n    exit 1\nfi\n# This output is used by Xcode 'outputs' to avoid re-running this script phase.\necho \"SUCCESS\" > \"${SCRIPT_OUTPUT_FILE_0}\"\n";
			showEnvVarsInLog = 0;
		};
		47B3F55DBD4421A8181E328E /* [CP] Check Pods Manifest.lock */ = {
			isa = PBXShellScriptBuildPhase;
			buildActionMask = 2147483647;
			files = (
			);
			inputPaths = (
				"${PODS_PODFILE_DIR_PATH}/Podfile.lock",
				"${PODS_ROOT}/Manifest.lock",
			);
			name = "[CP] Check Pods Manifest.lock";
			outputPaths = (
				"$(DERIVED_FILE_DIR)/Pods-AWS_Cognito_SampleTests-checkManifestLockResult.txt",
			);
			runOnlyForDeploymentPostprocessing = 0;
			shellPath = /bin/sh;
			shellScript = "diff \"${PODS_PODFILE_DIR_PATH}/Podfile.lock\" \"${PODS_ROOT}/Manifest.lock\" > /dev/null\nif [ $? != 0 ] ; then\n    # print error to STDERR\n    echo \"error: The sandbox is not in sync with the Podfile.lock. Run 'pod install' or update your CocoaPods installation.\" >&2\n    exit 1\nfi\n# This output is used by Xcode 'outputs' to avoid re-running this script phase.\necho \"SUCCESS\" > \"${SCRIPT_OUTPUT_FILE_0}\"\n";
			showEnvVarsInLog = 0;
		};
		56C0B35A21CB5DDADD07C397 /* [CP] Embed Pods Frameworks */ = {
			isa = PBXShellScriptBuildPhase;
			buildActionMask = 2147483647;
			files = (
			);
			inputPaths = (
				"${SRCROOT}/Pods/Target Support Files/Pods-AWS_Cognito_Sample/Pods-AWS_Cognito_Sample-frameworks.sh",
				"${BUILT_PRODUCTS_DIR}/AWSCognitoIdentityProvider/AWSCognitoIdentityProvider.framework",
				"${BUILT_PRODUCTS_DIR}/AWSCognitoIdentityProviderASF/AWSCognitoIdentityProviderASF.framework",
				"${BUILT_PRODUCTS_DIR}/AWSCore/AWSCore.framework",
			);
			name = "[CP] Embed Pods Frameworks";
			outputPaths = (
				"${TARGET_BUILD_DIR}/${FRAMEWORKS_FOLDER_PATH}/AWSCognitoIdentityProvider.framework",
				"${TARGET_BUILD_DIR}/${FRAMEWORKS_FOLDER_PATH}/AWSCognitoIdentityProviderASF.framework",
				"${TARGET_BUILD_DIR}/${FRAMEWORKS_FOLDER_PATH}/AWSCore.framework",
			);
			runOnlyForDeploymentPostprocessing = 0;
			shellPath = /bin/sh;
			shellScript = "\"${SRCROOT}/Pods/Target Support Files/Pods-AWS_Cognito_Sample/Pods-AWS_Cognito_Sample-frameworks.sh\"\n";
			showEnvVarsInLog = 0;
		};
		9F1CB6EEC6A09CF661AB8A44 /* [CP] Check Pods Manifest.lock */ = {
			isa = PBXShellScriptBuildPhase;
			buildActionMask = 2147483647;
			files = (
			);
			inputPaths = (
				"${PODS_PODFILE_DIR_PATH}/Podfile.lock",
				"${PODS_ROOT}/Manifest.lock",
			);
			name = "[CP] Check Pods Manifest.lock";
			outputPaths = (
				"$(DERIVED_FILE_DIR)/Pods-AWS_Cognito_SampleUITests-checkManifestLockResult.txt",
			);
			runOnlyForDeploymentPostprocessing = 0;
			shellPath = /bin/sh;
			shellScript = "diff \"${PODS_PODFILE_DIR_PATH}/Podfile.lock\" \"${PODS_ROOT}/Manifest.lock\" > /dev/null\nif [ $? != 0 ] ; then\n    # print error to STDERR\n    echo \"error: The sandbox is not in sync with the Podfile.lock. Run 'pod install' or update your CocoaPods installation.\" >&2\n    exit 1\nfi\n# This output is used by Xcode 'outputs' to avoid re-running this script phase.\necho \"SUCCESS\" > \"${SCRIPT_OUTPUT_FILE_0}\"\n";
			showEnvVarsInLog = 0;
		};
/* End PBXShellScriptBuildPhase section */

/* Begin PBXSourcesBuildPhase section */
		489B8702209C3E600055E0DC /* Sources */ = {
			isa = PBXSourcesBuildPhase;
			buildActionMask = 2147483647;
			files = (
				489B870C209C3E600055E0DC /* SignInViewController.swift in Sources */,
				48D3D3BD20A054880015565B /* SignUpViewController.swift in Sources */,
				489B873E209C67410055E0DC /* AppContext.swift in Sources */,
				489B870A209C3E600055E0DC /* AppDelegate.swift in Sources */,
				489B8738209C489B0055E0DC /* Constants.swift in Sources */,
				48D3D3BF20A05BCB0015565B /* ConfirmSignUpViewController.swift in Sources */,
				489B873C209C640B0055E0DC /* SessionManager.swift in Sources */,
				489B873A209C5D430055E0DC /* FirstViewController.swift in Sources */,
			);
			runOnlyForDeploymentPostprocessing = 0;
		};
		489B8716209C3E620055E0DC /* Sources */ = {
			isa = PBXSourcesBuildPhase;
			buildActionMask = 2147483647;
			files = (
				489B871F209C3E620055E0DC /* AWS_Cognito_SampleTests.swift in Sources */,
			);
			runOnlyForDeploymentPostprocessing = 0;
		};
		489B8721209C3E620055E0DC /* Sources */ = {
			isa = PBXSourcesBuildPhase;
			buildActionMask = 2147483647;
			files = (
				489B872A209C3E620055E0DC /* AWS_Cognito_SampleUITests.swift in Sources */,
			);
			runOnlyForDeploymentPostprocessing = 0;
		};
/* End PBXSourcesBuildPhase section */

/* Begin PBXTargetDependency section */
		489B871C209C3E620055E0DC /* PBXTargetDependency */ = {
			isa = PBXTargetDependency;
			target = 489B8705209C3E600055E0DC /* AWS_Cognito_Sample */;
			targetProxy = 489B871B209C3E620055E0DC /* PBXContainerItemProxy */;
		};
		489B8727209C3E620055E0DC /* PBXTargetDependency */ = {
			isa = PBXTargetDependency;
			target = 489B8705209C3E600055E0DC /* AWS_Cognito_Sample */;
			targetProxy = 489B8726209C3E620055E0DC /* PBXContainerItemProxy */;
		};
/* End PBXTargetDependency section */

/* Begin PBXVariantGroup section */
		489B870D209C3E600055E0DC /* Main.storyboard */ = {
			isa = PBXVariantGroup;
			children = (
				489B870E209C3E600055E0DC /* Base */,
			);
			name = Main.storyboard;
			sourceTree = "<group>";
		};
		489B8712209C3E620055E0DC /* LaunchScreen.storyboard */ = {
			isa = PBXVariantGroup;
			children = (
				489B8713209C3E620055E0DC /* Base */,
			);
			name = LaunchScreen.storyboard;
			sourceTree = "<group>";
		};
/* End PBXVariantGroup section */

/* Begin XCBuildConfiguration section */
		489B872C209C3E620055E0DC /* Debug */ = {
			isa = XCBuildConfiguration;
			buildSettings = {
				ALWAYS_SEARCH_USER_PATHS = NO;
				CLANG_ANALYZER_NONNULL = YES;
				CLANG_ANALYZER_NUMBER_OBJECT_CONVERSION = YES_AGGRESSIVE;
				CLANG_CXX_LANGUAGE_STANDARD = "gnu++14";
				CLANG_CXX_LIBRARY = "libc++";
				CLANG_ENABLE_MODULES = YES;
				CLANG_ENABLE_OBJC_ARC = YES;
				CLANG_ENABLE_OBJC_WEAK = YES;
				CLANG_WARN_BLOCK_CAPTURE_AUTORELEASING = YES;
				CLANG_WARN_BOOL_CONVERSION = YES;
				CLANG_WARN_COMMA = YES;
				CLANG_WARN_CONSTANT_CONVERSION = YES;
				CLANG_WARN_DEPRECATED_OBJC_IMPLEMENTATIONS = YES;
				CLANG_WARN_DIRECT_OBJC_ISA_USAGE = YES_ERROR;
				CLANG_WARN_DOCUMENTATION_COMMENTS = YES;
				CLANG_WARN_EMPTY_BODY = YES;
				CLANG_WARN_ENUM_CONVERSION = YES;
				CLANG_WARN_INFINITE_RECURSION = YES;
				CLANG_WARN_INT_CONVERSION = YES;
				CLANG_WARN_NON_LITERAL_NULL_CONVERSION = YES;
				CLANG_WARN_OBJC_IMPLICIT_RETAIN_SELF = YES;
				CLANG_WARN_OBJC_LITERAL_CONVERSION = YES;
				CLANG_WARN_OBJC_ROOT_CLASS = YES_ERROR;
				CLANG_WARN_RANGE_LOOP_ANALYSIS = YES;
				CLANG_WARN_STRICT_PROTOTYPES = YES;
				CLANG_WARN_SUSPICIOUS_MOVE = YES;
				CLANG_WARN_UNGUARDED_AVAILABILITY = YES_AGGRESSIVE;
				CLANG_WARN_UNREACHABLE_CODE = YES;
				CLANG_WARN__DUPLICATE_METHOD_MATCH = YES;
				CODE_SIGN_IDENTITY = "iPhone Developer";
				COPY_PHASE_STRIP = NO;
				DEBUG_INFORMATION_FORMAT = dwarf;
				ENABLE_STRICT_OBJC_MSGSEND = YES;
				ENABLE_TESTABILITY = YES;
				GCC_C_LANGUAGE_STANDARD = gnu11;
				GCC_DYNAMIC_NO_PIC = NO;
				GCC_NO_COMMON_BLOCKS = YES;
				GCC_OPTIMIZATION_LEVEL = 0;
				GCC_PREPROCESSOR_DEFINITIONS = (
					"DEBUG=1",
					"$(inherited)",
				);
				GCC_WARN_64_TO_32_BIT_CONVERSION = YES;
				GCC_WARN_ABOUT_RETURN_TYPE = YES_ERROR;
				GCC_WARN_UNDECLARED_SELECTOR = YES;
				GCC_WARN_UNINITIALIZED_AUTOS = YES_AGGRESSIVE;
				GCC_WARN_UNUSED_FUNCTION = YES;
				GCC_WARN_UNUSED_VARIABLE = YES;
				IPHONEOS_DEPLOYMENT_TARGET = 11.3;
				MTL_ENABLE_DEBUG_INFO = YES;
				ONLY_ACTIVE_ARCH = YES;
				SDKROOT = iphoneos;
				SWIFT_ACTIVE_COMPILATION_CONDITIONS = DEBUG;
				SWIFT_OPTIMIZATION_LEVEL = "-Onone";
			};
			name = Debug;
		};
		489B872D209C3E620055E0DC /* Release */ = {
			isa = XCBuildConfiguration;
			buildSettings = {
				ALWAYS_SEARCH_USER_PATHS = NO;
				CLANG_ANALYZER_NONNULL = YES;
				CLANG_ANALYZER_NUMBER_OBJECT_CONVERSION = YES_AGGRESSIVE;
				CLANG_CXX_LANGUAGE_STANDARD = "gnu++14";
				CLANG_CXX_LIBRARY = "libc++";
				CLANG_ENABLE_MODULES = YES;
				CLANG_ENABLE_OBJC_ARC = YES;
				CLANG_ENABLE_OBJC_WEAK = YES;
				CLANG_WARN_BLOCK_CAPTURE_AUTORELEASING = YES;
				CLANG_WARN_BOOL_CONVERSION = YES;
				CLANG_WARN_COMMA = YES;
				CLANG_WARN_CONSTANT_CONVERSION = YES;
				CLANG_WARN_DEPRECATED_OBJC_IMPLEMENTATIONS = YES;
				CLANG_WARN_DIRECT_OBJC_ISA_USAGE = YES_ERROR;
				CLANG_WARN_DOCUMENTATION_COMMENTS = YES;
				CLANG_WARN_EMPTY_BODY = YES;
				CLANG_WARN_ENUM_CONVERSION = YES;
				CLANG_WARN_INFINITE_RECURSION = YES;
				CLANG_WARN_INT_CONVERSION = YES;
				CLANG_WARN_NON_LITERAL_NULL_CONVERSION = YES;
				CLANG_WARN_OBJC_IMPLICIT_RETAIN_SELF = YES;
				CLANG_WARN_OBJC_LITERAL_CONVERSION = YES;
				CLANG_WARN_OBJC_ROOT_CLASS = YES_ERROR;
				CLANG_WARN_RANGE_LOOP_ANALYSIS = YES;
				CLANG_WARN_STRICT_PROTOTYPES = YES;
				CLANG_WARN_SUSPICIOUS_MOVE = YES;
				CLANG_WARN_UNGUARDED_AVAILABILITY = YES_AGGRESSIVE;
				CLANG_WARN_UNREACHABLE_CODE = YES;
				CLANG_WARN__DUPLICATE_METHOD_MATCH = YES;
				CODE_SIGN_IDENTITY = "iPhone Developer";
				COPY_PHASE_STRIP = NO;
				DEBUG_INFORMATION_FORMAT = "dwarf-with-dsym";
				ENABLE_NS_ASSERTIONS = NO;
				ENABLE_STRICT_OBJC_MSGSEND = YES;
				GCC_C_LANGUAGE_STANDARD = gnu11;
				GCC_NO_COMMON_BLOCKS = YES;
				GCC_WARN_64_TO_32_BIT_CONVERSION = YES;
				GCC_WARN_ABOUT_RETURN_TYPE = YES_ERROR;
				GCC_WARN_UNDECLARED_SELECTOR = YES;
				GCC_WARN_UNINITIALIZED_AUTOS = YES_AGGRESSIVE;
				GCC_WARN_UNUSED_FUNCTION = YES;
				GCC_WARN_UNUSED_VARIABLE = YES;
				IPHONEOS_DEPLOYMENT_TARGET = 11.3;
				MTL_ENABLE_DEBUG_INFO = NO;
				SDKROOT = iphoneos;
				SWIFT_COMPILATION_MODE = wholemodule;
				SWIFT_OPTIMIZATION_LEVEL = "-O";
				VALIDATE_PRODUCT = YES;
			};
			name = Release;
		};
		489B872F209C3E620055E0DC /* Debug */ = {
			isa = XCBuildConfiguration;
			baseConfigurationReference = 481C748B3B40B0B5F98A5B0C /* Pods-AWS_Cognito_Sample.debug.xcconfig */;
			buildSettings = {
				ASSETCATALOG_COMPILER_APPICON_NAME = AppIcon;
				CODE_SIGN_STYLE = Automatic;
				DEVELOPMENT_TEAM = 3LT472GTG6;
				INFOPLIST_FILE = AWS_Cognito_Sample/SupportingFiles/Info.plist;
				LD_RUNPATH_SEARCH_PATHS = (
					"$(inherited)",
					"@executable_path/Frameworks",
				);
				PRODUCT_BUNDLE_IDENTIFIER = "com.deloitte.AWS-Cognito-Sample";
				PRODUCT_NAME = "$(TARGET_NAME)";
				SWIFT_VERSION = 4.0;
				TARGETED_DEVICE_FAMILY = "1,2";
			};
			name = Debug;
		};
		489B8730209C3E620055E0DC /* Release */ = {
			isa = XCBuildConfiguration;
			baseConfigurationReference = 1F2C4CD777152D986D59E80E /* Pods-AWS_Cognito_Sample.release.xcconfig */;
			buildSettings = {
				ASSETCATALOG_COMPILER_APPICON_NAME = AppIcon;
				CODE_SIGN_STYLE = Automatic;
				DEVELOPMENT_TEAM = 3LT472GTG6;
				INFOPLIST_FILE = AWS_Cognito_Sample/SupportingFiles/Info.plist;
				LD_RUNPATH_SEARCH_PATHS = (
					"$(inherited)",
					"@executable_path/Frameworks",
				);
				PRODUCT_BUNDLE_IDENTIFIER = "com.deloitte.AWS-Cognito-Sample";
				PRODUCT_NAME = "$(TARGET_NAME)";
				SWIFT_VERSION = 4.0;
				TARGETED_DEVICE_FAMILY = "1,2";
			};
			name = Release;
		};
		489B8732209C3E620055E0DC /* Debug */ = {
			isa = XCBuildConfiguration;
			baseConfigurationReference = F2FCAD9C328B597C26E12FD3 /* Pods-AWS_Cognito_SampleTests.debug.xcconfig */;
			buildSettings = {
				ALWAYS_EMBED_SWIFT_STANDARD_LIBRARIES = YES;
				BUNDLE_LOADER = "$(TEST_HOST)";
				CODE_SIGN_STYLE = Automatic;
				DEVELOPMENT_TEAM = 3LT472GTG6;
				INFOPLIST_FILE = AWS_Cognito_SampleTests/Info.plist;
				LD_RUNPATH_SEARCH_PATHS = (
					"$(inherited)",
					"@executable_path/Frameworks",
					"@loader_path/Frameworks",
				);
				PRODUCT_BUNDLE_IDENTIFIER = "com.deloitte.AWS-Cognito-SampleTests";
				PRODUCT_NAME = "$(TARGET_NAME)";
				SWIFT_VERSION = 4.0;
				TARGETED_DEVICE_FAMILY = "1,2";
				TEST_HOST = "$(BUILT_PRODUCTS_DIR)/AWS_Cognito_Sample.app/AWS_Cognito_Sample";
			};
			name = Debug;
		};
		489B8733209C3E620055E0DC /* Release */ = {
			isa = XCBuildConfiguration;
			baseConfigurationReference = B080EFBC45E6B27FBB355C23 /* Pods-AWS_Cognito_SampleTests.release.xcconfig */;
			buildSettings = {
				ALWAYS_EMBED_SWIFT_STANDARD_LIBRARIES = YES;
				BUNDLE_LOADER = "$(TEST_HOST)";
				CODE_SIGN_STYLE = Automatic;
				DEVELOPMENT_TEAM = 3LT472GTG6;
				INFOPLIST_FILE = AWS_Cognito_SampleTests/Info.plist;
				LD_RUNPATH_SEARCH_PATHS = (
					"$(inherited)",
					"@executable_path/Frameworks",
					"@loader_path/Frameworks",
				);
				PRODUCT_BUNDLE_IDENTIFIER = "com.deloitte.AWS-Cognito-SampleTests";
				PRODUCT_NAME = "$(TARGET_NAME)";
				SWIFT_VERSION = 4.0;
				TARGETED_DEVICE_FAMILY = "1,2";
				TEST_HOST = "$(BUILT_PRODUCTS_DIR)/AWS_Cognito_Sample.app/AWS_Cognito_Sample";
			};
			name = Release;
		};
		489B8735209C3E620055E0DC /* Debug */ = {
			isa = XCBuildConfiguration;
			baseConfigurationReference = 08633A3D21842094545446B2 /* Pods-AWS_Cognito_SampleUITests.debug.xcconfig */;
			buildSettings = {
				ALWAYS_EMBED_SWIFT_STANDARD_LIBRARIES = YES;
				CODE_SIGN_STYLE = Automatic;
				DEVELOPMENT_TEAM = 3LT472GTG6;
				INFOPLIST_FILE = AWS_Cognito_SampleUITests/Info.plist;
				LD_RUNPATH_SEARCH_PATHS = (
					"$(inherited)",
					"@executable_path/Frameworks",
					"@loader_path/Frameworks",
				);
				PRODUCT_BUNDLE_IDENTIFIER = "com.deloitte.AWS-Cognito-SampleUITests";
				PRODUCT_NAME = "$(TARGET_NAME)";
				SWIFT_VERSION = 4.0;
				TARGETED_DEVICE_FAMILY = "1,2";
				TEST_TARGET_NAME = AWS_Cognito_Sample;
			};
			name = Debug;
		};
		489B8736209C3E620055E0DC /* Release */ = {
			isa = XCBuildConfiguration;
			baseConfigurationReference = E3993D7B639FB08860FD5207 /* Pods-AWS_Cognito_SampleUITests.release.xcconfig */;
			buildSettings = {
				ALWAYS_EMBED_SWIFT_STANDARD_LIBRARIES = YES;
				CODE_SIGN_STYLE = Automatic;
				DEVELOPMENT_TEAM = 3LT472GTG6;
				INFOPLIST_FILE = AWS_Cognito_SampleUITests/Info.plist;
				LD_RUNPATH_SEARCH_PATHS = (
					"$(inherited)",
					"@executable_path/Frameworks",
					"@loader_path/Frameworks",
				);
				PRODUCT_BUNDLE_IDENTIFIER = "com.deloitte.AWS-Cognito-SampleUITests";
				PRODUCT_NAME = "$(TARGET_NAME)";
				SWIFT_VERSION = 4.0;
				TARGETED_DEVICE_FAMILY = "1,2";
				TEST_TARGET_NAME = AWS_Cognito_Sample;
			};
			name = Release;
		};
/* End XCBuildConfiguration section */

/* Begin XCConfigurationList section */
		489B8701209C3E600055E0DC /* Build configuration list for PBXProject "AWS_Cognito_Sample" */ = {
			isa = XCConfigurationList;
			buildConfigurations = (
				489B872C209C3E620055E0DC /* Debug */,
				489B872D209C3E620055E0DC /* Release */,
			);
			defaultConfigurationIsVisible = 0;
			defaultConfigurationName = Release;
		};
		489B872E209C3E620055E0DC /* Build configuration list for PBXNativeTarget "AWS_Cognito_Sample" */ = {
			isa = XCConfigurationList;
			buildConfigurations = (
				489B872F209C3E620055E0DC /* Debug */,
				489B8730209C3E620055E0DC /* Release */,
			);
			defaultConfigurationIsVisible = 0;
			defaultConfigurationName = Release;
		};
		489B8731209C3E620055E0DC /* Build configuration list for PBXNativeTarget "AWS_Cognito_SampleTests" */ = {
			isa = XCConfigurationList;
			buildConfigurations = (
				489B8732209C3E620055E0DC /* Debug */,
				489B8733209C3E620055E0DC /* Release */,
			);
			defaultConfigurationIsVisible = 0;
			defaultConfigurationName = Release;
		};
		489B8734209C3E620055E0DC /* Build configuration list for PBXNativeTarget "AWS_Cognito_SampleUITests" */ = {
			isa = XCConfigurationList;
			buildConfigurations = (
				489B8735209C3E620055E0DC /* Debug */,
				489B8736209C3E620055E0DC /* Release */,
			);
			defaultConfigurationIsVisible = 0;
			defaultConfigurationName = Release;
		};
/* End XCConfigurationList section */
	};
	rootObject = 489B86FE209C3E600055E0DC /* Project object */;
}
